
Microsoft Visual Studio Solution File, Format Version 12.00
# Visual Studio Version 17
VisualStudioVersion = 17.0.31903.59
MinimumVisualStudioVersion = 10.0.40219.1
Project("{2150E333-8FDC-42A3-9474-1A3956D46DE8}") = "src", "src", "{827E0CD3-B72D-47B6-A68D-7590B98EB39B}"
EndProject
Project("{FAE04EC0-301F-11D3-BF4B-00C04F79EFBC}") = "BlogApp.Domain", "src\BlogApp.Domain\BlogApp.Domain.csproj", "{38E55D18-A44D-4091-B057-6BA4AEEB6287}"
EndProject
Project("{FAE04EC0-301F-11D3-BF4B-00C04F79EFBC}") = "BlogApp.Application", "src\BlogApp.Application\BlogApp.Application.csproj", "{DE39792B-CD78-41F6-A054-27A47FA5AAFA}"
EndProject
Project("{FAE04EC0-301F-11D3-BF4B-00C04F79EFBC}") = "BlogApp.Infrastructure", "src\BlogApp.Infrastructure\BlogApp.Infrastructure.csproj", "{0105C409-0285-40B2-B8D5-8BB6F9C22169}"
EndProject
Project("{FAE04EC0-301F-11D3-BF4B-00C04F79EFBC}") = "BlogApp.API", "src\BlogApp.API\BlogApp.API.csproj", "{E3942BC8-5E61-4447-B88F-6CBBABA8E2E9}"
EndProject
Project("{2150E333-8FDC-42A3-9474-1A3956D46DE8}") = "tests", "tests", "{0AB3BF05-4346-4AA6-1389-037BE0695223}"
EndProject
Project("{FAE04EC0-301F-11D3-BF4B-00C04F79EFBC}") = "BlogApp.UnitTests", "tests\BlogApp.UnitTests\BlogApp.UnitTests.csproj", "{DC829D92-8DFC-47B5-B1C0-90D58DEACF2F}"
EndProject
Project("{FAE04EC0-301F-11D3-BF4B-00C04F79EFBC}") = "BlogApp.Worker", "src\BlogApp.Worker\BlogApp.Worker.csproj", "{2DAF67E9-4159-423D-A50C-DA88E41B2F79}"
EndProject
Global
	GlobalSection(SolutionConfigurationPlatforms) = preSolution
		Debug|Any CPU = Debug|Any CPU
		Debug|x64 = Debug|x64
		Debug|x86 = Debug|x86
		Release|Any CPU = Release|Any CPU
		Release|x64 = Release|x64
		Release|x86 = Release|x86
	EndGlobalSection
	GlobalSection(ProjectConfigurationPlatforms) = postSolution
		{38E55D18-A44D-4091-B057-6BA4AEEB6287}.Debug|Any CPU.ActiveCfg = Debug|Any CPU
		{38E55D18-A44D-4091-B057-6BA4AEEB6287}.Debug|Any CPU.Build.0 = Debug|Any CPU
		{38E55D18-A44D-4091-B057-6BA4AEEB6287}.Debug|x64.ActiveCfg = Debug|Any CPU
		{38E55D18-A44D-4091-B057-6BA4AEEB6287}.Debug|x64.Build.0 = Debug|Any CPU
		{38E55D18-A44D-4091-B057-6BA4AEEB6287}.Debug|x86.ActiveCfg = Debug|Any CPU
		{38E55D18-A44D-4091-B057-6BA4AEEB6287}.Debug|x86.Build.0 = Debug|Any CPU
		{38E55D18-A44D-4091-B057-6BA4AEEB6287}.Release|Any CPU.ActiveCfg = Release|Any CPU
		{38E55D18-A44D-4091-B057-6BA4AEEB6287}.Release|Any CPU.Build.0 = Release|Any CPU
		{38E55D18-A44D-4091-B057-6BA4AEEB6287}.Release|x64.ActiveCfg = Release|Any CPU
		{38E55D18-A44D-4091-B057-6BA4AEEB6287}.Release|x64.Build.0 = Release|Any CPU
		{38E55D18-A44D-4091-B057-6BA4AEEB6287}.Release|x86.ActiveCfg = Release|Any CPU
		{38E55D18-A44D-4091-B057-6BA4AEEB6287}.Release|x86.Build.0 = Release|Any CPU
		{DE39792B-CD78-41F6-A054-27A47FA5AAFA}.Debug|Any CPU.ActiveCfg = Debug|Any CPU
		{DE39792B-CD78-41F6-A054-27A47FA5AAFA}.Debug|Any CPU.Build.0 = Debug|Any CPU
		{DE39792B-CD78-41F6-A054-27A47FA5AAFA}.Debug|x64.ActiveCfg = Debug|Any CPU
		{DE39792B-CD78-41F6-A054-27A47FA5AAFA}.Debug|x64.Build.0 = Debug|Any CPU
		{DE39792B-CD78-41F6-A054-27A47FA5AAFA}.Debug|x86.ActiveCfg = Debug|Any CPU
		{DE39792B-CD78-41F6-A054-27A47FA5AAFA}.Debug|x86.Build.0 = Debug|Any CPU
		{DE39792B-CD78-41F6-A054-27A47FA5AAFA}.Release|Any CPU.ActiveCfg = Release|Any CPU
		{DE39792B-CD78-41F6-A054-27A47FA5AAFA}.Release|Any CPU.Build.0 = Release|Any CPU
		{DE39792B-CD78-41F6-A054-27A47FA5AAFA}.Release|x64.ActiveCfg = Release|Any CPU
		{DE39792B-CD78-41F6-A054-27A47FA5AAFA}.Release|x64.Build.0 = Release|Any CPU
		{DE39792B-CD78-41F6-A054-27A47FA5AAFA}.Release|x86.ActiveCfg = Release|Any CPU
		{DE39792B-CD78-41F6-A054-27A47FA5AAFA}.Release|x86.Build.0 = Release|Any CPU
		{0105C409-0285-40B2-B8D5-8BB6F9C22169}.Debug|Any CPU.ActiveCfg = Debug|Any CPU
		{0105C409-0285-40B2-B8D5-8BB6F9C22169}.Debug|Any CPU.Build.0 = Debug|Any CPU
		{0105C409-0285-40B2-B8D5-8BB6F9C22169}.Debug|x64.ActiveCfg = Debug|Any CPU
		{0105C409-0285-40B2-B8D5-8BB6F9C22169}.Debug|x64.Build.0 = Debug|Any CPU
		{0105C409-0285-40B2-B8D5-8BB6F9C22169}.Debug|x86.ActiveCfg = Debug|Any CPU
		{0105C409-0285-40B2-B8D5-8BB6F9C22169}.Debug|x86.Build.0 = Debug|Any CPU
		{0105C409-0285-40B2-B8D5-8BB6F9C22169}.Release|Any CPU.ActiveCfg = Release|Any CPU
		{0105C409-0285-40B2-B8D5-8BB6F9C22169}.Release|Any CPU.Build.0 = Release|Any CPU
		{0105C409-0285-40B2-B8D5-8BB6F9C22169}.Release|x64.ActiveCfg = Release|Any CPU
		{0105C409-0285-40B2-B8D5-8BB6F9C22169}.Release|x64.Build.0 = Release|Any CPU
		{0105C409-0285-40B2-B8D5-8BB6F9C22169}.Release|x86.ActiveCfg = Release|Any CPU
		{0105C409-0285-40B2-B8D5-8BB6F9C22169}.Release|x86.Build.0 = Release|Any CPU
		{E3942BC8-5E61-4447-B88F-6CBBABA8E2E9}.Debug|Any CPU.ActiveCfg = Debug|Any CPU
		{E3942BC8-5E61-4447-B88F-6CBBABA8E2E9}.Debug|Any CPU.Build.0 = Debug|Any CPU
		{E3942BC8-5E61-4447-B88F-6CBBABA8E2E9}.Debug|x64.ActiveCfg = Debug|Any CPU
		{E3942BC8-5E61-4447-B88F-6CBBABA8E2E9}.Debug|x64.Build.0 = Debug|Any CPU
		{E3942BC8-5E61-4447-B88F-6CBBABA8E2E9}.Debug|x86.ActiveCfg = Debug|Any CPU
		{E3942BC8-5E61-4447-B88F-6CBBABA8E2E9}.Debug|x86.Build.0 = Debug|Any CPU
		{E3942BC8-5E61-4447-B88F-6CBBABA8E2E9}.Release|Any CPU.ActiveCfg = Release|Any CPU
		{E3942BC8-5E61-4447-B88F-6CBBABA8E2E9}.Release|Any CPU.Build.0 = Release|Any CPU
		{E3942BC8-5E61-4447-B88F-6CBBABA8E2E9}.Release|x64.ActiveCfg = Release|Any CPU
		{E3942BC8-5E61-4447-B88F-6CBBABA8E2E9}.Release|x64.Build.0 = Release|Any CPU
		{E3942BC8-5E61-4447-B88F-6CBBABA8E2E9}.Release|x86.ActiveCfg = Release|Any CPU
		{E3942BC8-5E61-4447-B88F-6CBBABA8E2E9}.Release|x86.Build.0 = Release|Any CPU
		{DC829D92-8DFC-47B5-B1C0-90D58DEACF2F}.Debug|Any CPU.ActiveCfg = Debug|Any CPU
		{DC829D92-8DFC-47B5-B1C0-90D58DEACF2F}.Debug|Any CPU.Build.0 = Debug|Any CPU
		{DC829D92-8DFC-47B5-B1C0-90D58DEACF2F}.Debug|x64.ActiveCfg = Debug|Any CPU
		{DC829D92-8DFC-47B5-B1C0-90D58DEACF2F}.Debug|x64.Build.0 = Debug|Any CPU
		{DC829D92-8DFC-47B5-B1C0-90D58DEACF2F}.Debug|x86.ActiveCfg = Debug|Any CPU
		{DC829D92-8DFC-47B5-B1C0-90D58DEACF2F}.Debug|x86.Build.0 = Debug|Any CPU
		{DC829D92-8DFC-47B5-B1C0-90D58DEACF2F}.Release|Any CPU.ActiveCfg = Release|Any CPU
		{DC829D92-8DFC-47B5-B1C0-90D58DEACF2F}.Release|Any CPU.Build.0 = Release|Any CPU
		{DC829D92-8DFC-47B5-B1C0-90D58DEACF2F}.Release|x64.ActiveCfg = Release|Any CPU
		{DC829D92-8DFC-47B5-B1C0-90D58DEACF2F}.Release|x64.Build.0 = Release|Any CPU
		{DC829D92-8DFC-47B5-B1C0-90D58DEACF2F}.Release|x86.ActiveCfg = Release|Any CPU
		{DC829D92-8DFC-47B5-B1C0-90D58DEACF2F}.Release|x86.Build.0 = Release|Any CPU
		{2DAF67E9-4159-423D-A50C-DA88E41B2F79}.Debug|Any CPU.ActiveCfg = Debug|Any CPU
		{2DAF67E9-4159-423D-A50C-DA88E41B2F79}.Debug|Any CPU.Build.0 = Debug|Any CPU
		{2DAF67E9-4159-423D-A50C-DA88E41B2F79}.Debug|x64.ActiveCfg = Debug|Any CPU
		{2DAF67E9-4159-423D-A50C-DA88E41B2F79}.Debug|x64.Build.0 = Debug|Any CPU
		{2DAF67E9-4159-423D-A50C-DA88E41B2F79}.Debug|x86.ActiveCfg = Debug|Any CPU
		{2DAF67E9-4159-423D-A50C-DA88E41B2F79}.Debug|x86.Build.0 = Debug|Any CPU
		{2DAF67E9-4159-423D-A50C-DA88E41B2F79}.Release|Any CPU.ActiveCfg = Release|Any CPU
		{2DAF67E9-4159-423D-A50C-DA88E41B2F79}.Release|Any CPU.Build.0 = Release|Any CPU
		{2DAF67E9-4159-423D-A50C-DA88E41B2F79}.Release|x64.ActiveCfg = Release|Any CPU
		{2DAF67E9-4159-423D-A50C-DA88E41B2F79}.Release|x64.Build.0 = Release|Any CPU
		{2DAF67E9-4159-423D-A50C-DA88E41B2F79}.Release|x86.ActiveCfg = Release|Any CPU
		{2DAF67E9-4159-423D-A50C-DA88E41B2F79}.Release|x86.Build.0 = Release|Any CPU
	EndGlobalSection
	GlobalSection(SolutionProperties) = preSolution
		HideSolutionNode = FALSE
	EndGlobalSection
	GlobalSection(NestedProjects) = preSolution
		{38E55D18-A44D-4091-B057-6BA4AEEB6287} = {827E0CD3-B72D-47B6-A68D-7590B98EB39B}
		{DE39792B-CD78-41F6-A054-27A47FA5AAFA} = {827E0CD3-B72D-47B6-A68D-7590B98EB39B}
		{0105C409-0285-40B2-B8D5-8BB6F9C22169} = {827E0CD3-B72D-47B6-A68D-7590B98EB39B}
		{E3942BC8-5E61-4447-B88F-6CBBABA8E2E9} = {827E0CD3-B72D-47B6-A68D-7590B98EB39B}
		{DC829D92-8DFC-47B5-B1C0-90D58DEACF2F} = {0AB3BF05-4346-4AA6-1389-037BE0695223}
		{2DAF67E9-4159-423D-A50C-DA88E41B2F79} = {827E0CD3-B72D-47B6-A68D-7590B98EB39B}
	EndGlobalSection
EndGlobal
